
Microsoft Visual Studio Solution File, Format Version 12.00
# Visual Studio Version 16
VisualStudioVersion = 16.0.29424.173
MinimumVisualStudioVersion = 10.0.40219.1
Project("{FAE04EC0-301F-11D3-BF4B-00C04F79EFBC}") = "ConsoleApp3", "ConsoleApp3\ConsoleApp3.csproj", "{2CAD9E16-1F4F-4950-B18C-EE29F433B563}"
EndProject
Global
	GlobalSection(SolutionConfigurationPlatforms) = preSolution
		Debug|Any CPU = Debug|Any CPU
		Release|Any CPU = Release|Any CPU
	EndGlobalSection
	GlobalSection(ProjectConfigurationPlatforms) = postSolution
		{2CAD9E16-1F4F-4950-B18C-EE29F433B563}.Debug|Any CPU.ActiveCfg = Debug|Any CPU
		{2CAD9E16-1F4F-4950-B18C-EE29F433B563}.Debug|Any CPU.Build.0 = Debug|Any CPU
		{2CAD9E16-1F4F-4950-B18C-EE29F433B563}.Release|Any CPU.ActiveCfg = Release|Any CPU
		{2CAD9E16-1F4F-4950-B18C-EE29F433B563}.Release|Any CPU.Build.0 = Release|Any CPU
	EndGlobalSection
	GlobalSection(SolutionProperties) = preSolution
		HideSolutionNode = FALSE
	EndGlobalSection
	GlobalSection(ExtensibilityGlobals) = postSolution
		SolutionGuid = {468C22DA-83BA-4D7F-8AE7-511A733CC216}
	EndGlobalSection
EndGlobal
