
Microsoft Visual Studio Solution File, Format Version 12.00
# Visual Studio Version 16
VisualStudioVersion = 16.0.29403.142
MinimumVisualStudioVersion = 10.0.40219.1
Project("{FAE04EC0-301F-11D3-BF4B-00C04F79EFBC}") = "WindowsFormsApp1", "WindowsFormsApp1\WindowsFormsApp1.csproj", "{88127F1E-77A1-4A06-867E-1AA90DCEFAAD}"
EndProject
Global
	GlobalSection(SolutionConfigurationPlatforms) = preSolution
		Debug|Any CPU = Debug|Any CPU
		Release|Any CPU = Release|Any CPU
	EndGlobalSection
	GlobalSection(ProjectConfigurationPlatforms) = postSolution
		{88127F1E-77A1-4A06-867E-1AA90DCEFAAD}.Debug|Any CPU.ActiveCfg = Debug|Any CPU
		{88127F1E-77A1-4A06-867E-1AA90DCEFAAD}.Debug|Any CPU.Build.0 = Debug|Any CPU
		{88127F1E-77A1-4A06-867E-1AA90DCEFAAD}.Release|Any CPU.ActiveCfg = Release|Any CPU
		{88127F1E-77A1-4A06-867E-1AA90DCEFAAD}.Release|Any CPU.Build.0 = Release|Any CPU
	EndGlobalSection
	GlobalSection(SolutionProperties) = preSolution
		HideSolutionNode = FALSE
	EndGlobalSection
	GlobalSection(ExtensibilityGlobals) = postSolution
		SolutionGuid = {D334F91D-026E-4078-8C48-9DD9E90E7712}
	EndGlobalSection
EndGlobal
